// !$*UTF8*$!
{
	archiveVersion = 1;
	classes = {
	};
	objectVersion = 46;
	objects = {

/* Begin PBXBuildFile section */
		1827033715A86EFB0060AB0F /* UIKit.framework in Frameworks */ = {isa = PBXBuildFile; fileRef = 1827033615A86EFB0060AB0F /* UIKit.framework */; };
		1827033915A86EFB0060AB0F /* Foundation.framework in Frameworks */ = {isa = PBXBuildFile; fileRef = 1827033815A86EFB0060AB0F /* Foundation.framework */; };
		1827033B15A86EFB0060AB0F /* CoreGraphics.framework in Frameworks */ = {isa = PBXBuildFile; fileRef = 1827033A15A86EFB0060AB0F /* CoreGraphics.framework */; };
		1827034115A86EFB0060AB0F /* InfoPlist.strings in Resources */ = {isa = PBXBuildFile; fileRef = 1827033F15A86EFB0060AB0F /* InfoPlist.strings */; };
		1827034315A86EFB0060AB0F /* main.m in Sources */ = {isa = PBXBuildFile; fileRef = 1827034215A86EFB0060AB0F /* main.m */; };
		1827034715A86EFC0060AB0F /* AppDelegate.m in Sources */ = {isa = PBXBuildFile; fileRef = 1827034615A86EFC0060AB0F /* AppDelegate.m */; };
		1827035515A87AFC0060AB0F /* WebViewController.m in Sources */ = {isa = PBXBuildFile; fileRef = 1827035415A87AFC0060AB0F /* WebViewController.m */; };
/* End PBXBuildFile section */

/* Begin PBXFileReference section */
		1827033215A86EFB0060AB0F /* AcceralationTest01.app */ = {isa = PBXFileReference; explicitFileType = wrapper.application; includeInIndex = 0; path = AcceralationTest01.app; sourceTree = BUILT_PRODUCTS_DIR; };
		1827033615A86EFB0060AB0F /* UIKit.framework */ = {isa = PBXFileReference; lastKnownFileType = wrapper.framework; name = UIKit.framework; path = System/Library/Frameworks/UIKit.framework; sourceTree = SDKROOT; };
		1827033815A86EFB0060AB0F /* Foundation.framework */ = {isa = PBXFileReference; lastKnownFileType = wrapper.framework; name = Foundation.framework; path = System/Library/Frameworks/Foundation.framework; sourceTree = SDKROOT; };
		1827033A15A86EFB0060AB0F /* CoreGraphics.framework */ = {isa = PBXFileReference; lastKnownFileType = wrapper.framework; name = CoreGraphics.framework; path = System/Library/Frameworks/CoreGraphics.framework; sourceTree = SDKROOT; };
		1827033E15A86EFB0060AB0F /* AcceralationTest01-Info.plist */ = {isa = PBXFileReference; lastKnownFileType = text.plist.xml; path = "AcceralationTest01-Info.plist"; sourceTree = "<group>"; };
		1827034015A86EFB0060AB0F /* en */ = {isa = PBXFileReference; lastKnownFileType = text.plist.strings; name = en; path = en.lproj/InfoPlist.strings; sourceTree = "<group>"; };
		1827034215A86EFB0060AB0F /* main.m */ = {isa = PBXFileReference; lastKnownFileType = sourcecode.c.objc; path = main.m; sourceTree = "<group>"; };
		1827034415A86EFB0060AB0F /* AcceralationTest01-Prefix.pch */ = {isa = PBXFileReference; lastKnownFileType = sourcecode.c.h; path = "AcceralationTest01-Prefix.pch"; sourceTree = "<group>"; };
		1827034515A86EFB0060AB0F /* AppDelegate.h */ = {isa = PBXFileReference; lastKnownFileType = sourcecode.c.h; path = AppDelegate.h; sourceTree = "<group>"; };
		1827034615A86EFC0060AB0F /* AppDelegate.m */ = {isa = PBXFileReference; lastKnownFileType = sourcecode.c.objc; path = AppDelegate.m; sourceTree = "<group>"; };
		1827035315A87AFC0060AB0F /* WebViewController.h */ = {isa = PBXFileReference; fileEncoding = 4; lastKnownFileType = sourcecode.c.h; path = WebViewController.h; sourceTree = "<group>"; };
		1827035415A87AFC0060AB0F /* WebViewController.m */ = {isa = PBXFileReference; fileEncoding = 4; lastKnownFileType = sourcecode.c.objc; path = WebViewController.m; sourceTree = "<group>"; };
/* End PBXFileReference section */

/* Begin PBXFrameworksBuildPhase section */
		1827032F15A86EFB0060AB0F /* Frameworks */ = {
			isa = PBXFrameworksBuildPhase;
			buildActionMask = 2147483647;
			files = (
				1827033715A86EFB0060AB0F /* UIKit.framework in Frameworks */,
				1827033915A86EFB0060AB0F /* Foundation.framework in Frameworks */,
				1827033B15A86EFB0060AB0F /* CoreGraphics.framework in Frameworks */,
			);
			runOnlyForDeploymentPostprocessing = 0;
		};
/* End PBXFrameworksBuildPhase section */

/* Begin PBXGroup section */
		1827032715A86EFA0060AB0F = {
			isa = PBXGroup;
			children = (
				1827033C15A86EFB0060AB0F /* AcceralationTest01 */,
				1827033515A86EFB0060AB0F /* Frameworks */,
				1827033315A86EFB0060AB0F /* Products */,
			);
			sourceTree = "<group>";
		};
		1827033315A86EFB0060AB0F /* Products */ = {
			isa = PBXGroup;
			children = (
				1827033215A86EFB0060AB0F /* AcceralationTest01.app */,
			);
			name = Products;
			sourceTree = "<group>";
		};
		1827033515A86EFB0060AB0F /* Frameworks */ = {
			isa = PBXGroup;
			children = (
				1827033615A86EFB0060AB0F /* UIKit.framework */,
				1827033815A86EFB0060AB0F /* Foundation.framework */,
				1827033A15A86EFB0060AB0F /* CoreGraphics.framework */,
			);
			name = Frameworks;
			sourceTree = "<group>";
		};
		1827033C15A86EFB0060AB0F /* AcceralationTest01 */ = {
			isa = PBXGroup;
			children = (
				1827034515A86EFB0060AB0F /* AppDelegate.h */,
				1827034615A86EFC0060AB0F /* AppDelegate.m */,
				1827035315A87AFC0060AB0F /* WebViewController.h */,
				1827035415A87AFC0060AB0F /* WebViewController.m */,
				1827033D15A86EFB0060AB0F /* Supporting Files */,
			);
			path = AcceralationTest01;
			sourceTree = "<group>";
		};
		1827033D15A86EFB0060AB0F /* Supporting Files */ = {
			isa = PBXGroup;
			children = (
				1827033E15A86EFB0060AB0F /* AcceralationTest01-Info.plist */,
				1827033F15A86EFB0060AB0F /* InfoPlist.strings */,
				1827034215A86EFB0060AB0F /* main.m */,
				1827034415A86EFB0060AB0F /* AcceralationTest01-Prefix.pch */,
			);
			name = "Supporting Files";
			sourceTree = "<group>";
		};
/* End PBXGroup section */

/* Begin PBXNativeTarget section */
		1827033115A86EFB0060AB0F /* AcceralationTest01 */ = {
			isa = PBXNativeTarget;
			buildConfigurationList = 1827034A15A86EFC0060AB0F /* Build configuration list for PBXNativeTarget "AcceralationTest01" */;
			buildPhases = (
				1827032E15A86EFB0060AB0F /* Sources */,
				1827032F15A86EFB0060AB0F /* Frameworks */,
				1827033015A86EFB0060AB0F /* Resources */,
			);
			buildRules = (
			);
			dependencies = (
			);
			name = AcceralationTest01;
			productName = AcceralationTest01;
			productReference = 1827033215A86EFB0060AB0F /* AcceralationTest01.app */;
			productType = "com.apple.product-type.application";
		};
/* End PBXNativeTarget section */

/* Begin PBXProject section */
		1827032915A86EFA0060AB0F /* Project object */ = {
			isa = PBXProject;
			attributes = {
				LastUpgradeCheck = 0430;
			};
			buildConfigurationList = 1827032C15A86EFA0060AB0F /* Build configuration list for PBXProject "AcceralationTest01" */;
			compatibilityVersion = "Xcode 3.2";
			developmentRegion = English;
			hasScannedForEncodings = 0;
			knownRegions = (
				en,
			);
			mainGroup = 1827032715A86EFA0060AB0F;
			productRefGroup = 1827033315A86EFB0060AB0F /* Products */;
			projectDirPath = "";
			projectRoot = "";
			targets = (
				1827033115A86EFB0060AB0F /* AcceralationTest01 */,
			);
		};
/* End PBXProject section */

/* Begin PBXResourcesBuildPhase section */
		1827033015A86EFB0060AB0F /* Resources */ = {
			isa = PBXResourcesBuildPhase;
			buildActionMask = 2147483647;
			files = (
				1827034115A86EFB0060AB0F /* InfoPlist.strings in Resources */,
			);
			runOnlyForDeploymentPostprocessing = 0;
		};
/* End PBXResourcesBuildPhase section */

/* Begin PBXSourcesBuildPhase section */
		1827032E15A86EFB0060AB0F /* Sources */ = {
			isa = PBXSourcesBuildPhase;
			buildActionMask = 2147483647;
			files = (
				1827034315A86EFB0060AB0F /* main.m in Sources */,
				1827034715A86EFC0060AB0F /* AppDelegate.m in Sources */,
				1827035515A87AFC0060AB0F /* WebViewController.m in Sources */,
			);
			runOnlyForDeploymentPostprocessing = 0;
		};
/* End PBXSourcesBuildPhase section */

/* Begin PBXVariantGroup section */
		1827033F15A86EFB0060AB0F /* InfoPlist.strings */ = {
			isa = PBXVariantGroup;
			children = (
				1827034015A86EFB0060AB0F /* en */,
			);
			name = InfoPlist.strings;
			sourceTree = "<group>";
		};
/* End PBXVariantGroup section */

/* Begin XCBuildConfiguration section */
		1827034815A86EFC0060AB0F /* Debug */ = {
			isa = XCBuildConfiguration;
			buildSettings = {
				ALWAYS_SEARCH_USER_PATHS = NO;
				ARCHS = "$(ARCHS_STANDARD_32_BIT)";
				CLANG_ENABLE_OBJC_ARC = YES;
				"CODE_SIGN_IDENTITY[sdk=iphoneos*]" = "iPhone Developer";
				COPY_PHASE_STRIP = NO;
				GCC_C_LANGUAGE_STANDARD = gnu99;
				GCC_DYNAMIC_NO_PIC = NO;
				GCC_OPTIMIZATION_LEVEL = 0;
				GCC_PREPROCESSOR_DEFINITIONS = (
					"DEBUG=1",
					"$(inherited)",
				);
				GCC_SYMBOLS_PRIVATE_EXTERN = NO;
				GCC_VERSION = com.apple.compilers.llvm.clang.1_0;
				GCC_WARN_ABOUT_RETURN_TYPE = YES;
				GCC_WARN_UNINITIALIZED_AUTOS = YES;
				GCC_WARN_UNUSED_VARIABLE = YES;
				IPHONEOS_DEPLOYMENT_TARGET = 5.1;
				SDKROOT = iphoneos;
			};
			name = Debug;
		};
		1827034915A86EFC0060AB0F /* Release */ = {
			isa = XCBuildConfiguration;
			buildSettings = {
				ALWAYS_SEARCH_USER_PATHS = NO;
				ARCHS = "$(ARCHS_STANDARD_32_BIT)";
				CLANG_ENABLE_OBJC_ARC = YES;
				"CODE_SIGN_IDENTITY[sdk=iphoneos*]" = "iPhone Developer";
				COPY_PHASE_STRIP = YES;
				GCC_C_LANGUAGE_STANDARD = gnu99;
				GCC_VERSION = com.apple.compilers.llvm.clang.1_0;
				GCC_WARN_ABOUT_RETURN_TYPE = YES;
				GCC_WARN_UNINITIALIZED_AUTOS = YES;
				GCC_WARN_UNUSED_VARIABLE = YES;
				IPHONEOS_DEPLOYMENT_TARGET = 5.1;
				OTHER_CFLAGS = "-DNS_BLOCK_ASSERTIONS=1";
				SDKROOT = iphoneos;
				VALIDATE_PRODUCT = YES;
			};
			name = Release;
		};
		1827034B15A86EFC0060AB0F /* Debug */ = {
			isa = XCBuildConfiguration;
			buildSettings = {
				GCC_PRECOMPILE_PREFIX_HEADER = YES;
				GCC_PREFIX_HEADER = "AcceralationTest01/AcceralationTest01-Prefix.pch";
				INFOPLIST_FILE = "AcceralationTest01/AcceralationTest01-Info.plist";
				PRODUCT_NAME = "$(TARGET_NAME)";
				WRAPPER_EXTENSION = app;
			};
			name = Debug;
		};
		1827034C15A86EFC0060AB0F /* Release */ = {
			isa = XCBuildConfiguration;
			buildSettings = {
				GCC_PRECOMPILE_PREFIX_HEADER = YES;
				GCC_PREFIX_HEADER = "AcceralationTest01/AcceralationTest01-Prefix.pch";
				INFOPLIST_FILE = "AcceralationTest01/AcceralationTest01-Info.plist";
				PRODUCT_NAME = "$(TARGET_NAME)";
				WRAPPER_EXTENSION = app;
			};
			name = Release;
		};
/* End XCBuildConfiguration section */

/* Begin XCConfigurationList section */
		1827032C15A86EFA0060AB0F /* Build configuration list for PBXProject "AcceralationTest01" */ = {
			isa = XCConfigurationList;
			buildConfigurations = (
				1827034815A86EFC0060AB0F /* Debug */,
				1827034915A86EFC0060AB0F /* Release */,
			);
			defaultConfigurationIsVisible = 0;
			defaultConfigurationName = Release;
		};
		1827034A15A86EFC0060AB0F /* Build configuration list for PBXNativeTarget "AcceralationTest01" */ = {
			isa = XCConfigurationList;
			buildConfigurations = (
				1827034B15A86EFC0060AB0F /* Debug */,
				1827034C15A86EFC0060AB0F /* Release */,
			);
			defaultConfigurationIsVisible = 0;
		};
/* End XCConfigurationList section */
	};
	rootObject = 1827032915A86EFA0060AB0F /* Project object */;
}
